
Microsoft Visual Studio Solution File, Format Version 12.00
# Visual Studio Version 17
VisualStudioVersion = 17.1.32414.318
MinimumVisualStudioVersion = 10.0.40219.1
Project("{FAE04EC0-301F-11D3-BF4B-00C04F79EFBC}") = "PrimeraAsignacion", "PrimeraAsignacion\PrimeraAsignacion.csproj", "{2D582447-1116-4D18-B484-2129E58D1022}"
EndProject
Global
	GlobalSection(SolutionConfigurationPlatforms) = preSolution
		Debug|Any CPU = Debug|Any CPU
		Release|Any CPU = Release|Any CPU
	EndGlobalSection
	GlobalSection(ProjectConfigurationPlatforms) = postSolution
		{2D582447-1116-4D18-B484-2129E58D1022}.Debug|Any CPU.ActiveCfg = Debug|Any CPU
		{2D582447-1116-4D18-B484-2129E58D1022}.Debug|Any CPU.Build.0 = Debug|Any CPU
		{2D582447-1116-4D18-B484-2129E58D1022}.Release|Any CPU.ActiveCfg = Release|Any CPU
		{2D582447-1116-4D18-B484-2129E58D1022}.Release|Any CPU.Build.0 = Release|Any CPU
	EndGlobalSection
	GlobalSection(SolutionProperties) = preSolution
		HideSolutionNode = FALSE
	EndGlobalSection
	GlobalSection(ExtensibilityGlobals) = postSolution
		SolutionGuid = {8109C26D-D139-419D-92C0-0C3A3D016084}
	EndGlobalSection
EndGlobal
